
Microsoft Visual Studio Solution File, Format Version 12.00
# Visual Studio Version 16
VisualStudioVersion = 16.0.31829.152
MinimumVisualStudioVersion = 10.0.40219.1
Project("{FAE04EC0-301F-11D3-BF4B-00C04F79EFBC}") = "ChoraoUtilities", "ChoraoUtilities\ChoraoUtilities.csproj", "{83043797-E744-47B2-9ADF-70E38F626E72}"
EndProject
Global
	GlobalSection(SolutionConfigurationPlatforms) = preSolution
		Debug|Any CPU = Debug|Any CPU
		Release|Any CPU = Release|Any CPU
	EndGlobalSection
	GlobalSection(ProjectConfigurationPlatforms) = postSolution
		{83043797-E744-47B2-9ADF-70E38F626E72}.Debug|Any CPU.ActiveCfg = Debug|Any CPU
		{83043797-E744-47B2-9ADF-70E38F626E72}.Debug|Any CPU.Build.0 = Debug|Any CPU
		{83043797-E744-47B2-9ADF-70E38F626E72}.Release|Any CPU.ActiveCfg = Release|Any CPU
		{83043797-E744-47B2-9ADF-70E38F626E72}.Release|Any CPU.Build.0 = Release|Any CPU
	EndGlobalSection
	GlobalSection(SolutionProperties) = preSolution
		HideSolutionNode = FALSE
	EndGlobalSection
	GlobalSection(ExtensibilityGlobals) = postSolution
		SolutionGuid = {765A1B26-7E06-4672-A78C-884352F6F470}
	EndGlobalSection
EndGlobal
